
Microsoft Visual Studio Solution File, Format Version 12.00
# Visual Studio 15
VisualStudioVersion = 15.0.28010.2036
MinimumVisualStudioVersion = 10.0.40219.1
Project("{FAE04EC0-301F-11D3-BF4B-00C04F79EFBC}") = "NUnit WhiteBox Tests", "NUnit WhiteBox Tests\NUnit WhiteBox Tests.csproj", "{516D1E50-D837-45A5-9A3D-A65984271B96}"
EndProject
Project("{FAE04EC0-301F-11D3-BF4B-00C04F79EFBC}") = "PremiumFrontEnd", "PremiumFrontEnd\PremiumFrontEnd.csproj", "{174B0CC3-0BE3-459E-9330-590C65C8C50B}"
EndProject
Project("{FAE04EC0-301F-11D3-BF4B-00C04F79EFBC}") = "PremiumLibrary", "PremiumLibrary\PremiumLibrary.csproj", "{7D7669D7-CC70-4FB5-8D36-E03F8D054A3A}"
EndProject
Project("{FAE04EC0-301F-11D3-BF4B-00C04F79EFBC}") = "SeleniumTests", "SeleniumTests\SeleniumTests.csproj", "{89DC7A14-BA19-4C73-8C0B-3ADA041FBB08}"
EndProject
Global
	GlobalSection(SolutionConfigurationPlatforms) = preSolution
		Debug|Any CPU = Debug|Any CPU
		Release|Any CPU = Release|Any CPU
	EndGlobalSection
	GlobalSection(ProjectConfigurationPlatforms) = postSolution
		{516D1E50-D837-45A5-9A3D-A65984271B96}.Debug|Any CPU.ActiveCfg = Debug|Any CPU
		{516D1E50-D837-45A5-9A3D-A65984271B96}.Debug|Any CPU.Build.0 = Debug|Any CPU
		{516D1E50-D837-45A5-9A3D-A65984271B96}.Release|Any CPU.ActiveCfg = Release|Any CPU
		{516D1E50-D837-45A5-9A3D-A65984271B96}.Release|Any CPU.Build.0 = Release|Any CPU
		{174B0CC3-0BE3-459E-9330-590C65C8C50B}.Debug|Any CPU.ActiveCfg = Debug|Any CPU
		{174B0CC3-0BE3-459E-9330-590C65C8C50B}.Debug|Any CPU.Build.0 = Debug|Any CPU
		{174B0CC3-0BE3-459E-9330-590C65C8C50B}.Release|Any CPU.ActiveCfg = Release|Any CPU
		{174B0CC3-0BE3-459E-9330-590C65C8C50B}.Release|Any CPU.Build.0 = Release|Any CPU
		{7D7669D7-CC70-4FB5-8D36-E03F8D054A3A}.Debug|Any CPU.ActiveCfg = Debug|Any CPU
		{7D7669D7-CC70-4FB5-8D36-E03F8D054A3A}.Debug|Any CPU.Build.0 = Debug|Any CPU
		{7D7669D7-CC70-4FB5-8D36-E03F8D054A3A}.Release|Any CPU.ActiveCfg = Release|Any CPU
		{7D7669D7-CC70-4FB5-8D36-E03F8D054A3A}.Release|Any CPU.Build.0 = Release|Any CPU
		{89DC7A14-BA19-4C73-8C0B-3ADA041FBB08}.Debug|Any CPU.ActiveCfg = Debug|Any CPU
		{89DC7A14-BA19-4C73-8C0B-3ADA041FBB08}.Debug|Any CPU.Build.0 = Debug|Any CPU
		{89DC7A14-BA19-4C73-8C0B-3ADA041FBB08}.Release|Any CPU.ActiveCfg = Release|Any CPU
		{89DC7A14-BA19-4C73-8C0B-3ADA041FBB08}.Release|Any CPU.Build.0 = Release|Any CPU
	EndGlobalSection
	GlobalSection(SolutionProperties) = preSolution
		HideSolutionNode = FALSE
	EndGlobalSection
	GlobalSection(ExtensibilityGlobals) = postSolution
		SolutionGuid = {49F90259-1C36-456D-8208-CBC3CFD1D961}
	EndGlobalSection
EndGlobal
